// !$*UTF8*$!
{
	archiveVersion = 1;
	classes = {
	};
	objectVersion = 51;
	objects = {

/* Begin PBXBuildFile section */
		01B79EDF5DFBA79215F033CC /* Pods_serverForSocketCommunication_serverForSocketCommunicationUITests.framework in Frameworks */ = {isa = PBXBuildFile; fileRef = 60DCD693DFB69D9EDBBD5914 /* Pods_serverForSocketCommunication_serverForSocketCommunicationUITests.framework */; };
		8176C8A513EF8EAFE6D42035 /* Pods_serverForSocketCommunication.framework in Frameworks */ = {isa = PBXBuildFile; fileRef = FB95E772572C1219BCC9C194 /* Pods_serverForSocketCommunication.framework */; };
		B66B3984256FA6F400B19305 /* TcpServer.m in Sources */ = {isa = PBXBuildFile; fileRef = B66B3983256FA6F400B19305 /* TcpServer.m */; };
		B66B3993256FABFD00B19305 /* UdpServer.m in Sources */ = {isa = PBXBuildFile; fileRef = B66B3992256FABFD00B19305 /* UdpServer.m */; };
		B6E7ACCF256E54C300667BFE /* AppDelegate.m in Sources */ = {isa = PBXBuildFile; fileRef = B6E7ACCE256E54C300667BFE /* AppDelegate.m */; };
		B6E7ACD4256E54C500667BFE /* Assets.xcassets in Resources */ = {isa = PBXBuildFile; fileRef = B6E7ACD3256E54C500667BFE /* Assets.xcassets */; };
		B6E7ACDA256E54C500667BFE /* main.m in Sources */ = {isa = PBXBuildFile; fileRef = B6E7ACD9256E54C500667BFE /* main.m */; };
		B6E7ACE5256E54C500667BFE /* serverForSocketCommunicationTests.m in Sources */ = {isa = PBXBuildFile; fileRef = B6E7ACE4256E54C500667BFE /* serverForSocketCommunicationTests.m */; };
		B6E7ACF0256E54C500667BFE /* serverForSocketCommunicationUITests.m in Sources */ = {isa = PBXBuildFile; fileRef = B6E7ACEF256E54C500667BFE /* serverForSocketCommunicationUITests.m */; };
		BE41ECEF4CAD12F2B3BB83AC /* Pods_serverForSocketCommunicationTests.framework in Frameworks */ = {isa = PBXBuildFile; fileRef = 75C9FC35E27C76636C7E0D02 /* Pods_serverForSocketCommunicationTests.framework */; };
/* End PBXBuildFile section */

/* Begin PBXContainerItemProxy section */
		B6E7ACE1256E54C500667BFE /* PBXContainerItemProxy */ = {
			isa = PBXContainerItemProxy;
			containerPortal = B6E7ACC2256E54C300667BFE /* Project object */;
			proxyType = 1;
			remoteGlobalIDString = B6E7ACC9256E54C300667BFE;
			remoteInfo = serverForSocketCommunication;
		};
		B6E7ACEC256E54C500667BFE /* PBXContainerItemProxy */ = {
			isa = PBXContainerItemProxy;
			containerPortal = B6E7ACC2256E54C300667BFE /* Project object */;
			proxyType = 1;
			remoteGlobalIDString = B6E7ACC9256E54C300667BFE;
			remoteInfo = serverForSocketCommunication;
		};
/* End PBXContainerItemProxy section */

/* Begin PBXFileReference section */
		00C6605B2315DF7F8A6E25F9 /* Pods-serverForSocketCommunicationTests.debug.xcconfig */ = {isa = PBXFileReference; includeInIndex = 1; lastKnownFileType = text.xcconfig; name = "Pods-serverForSocketCommunicationTests.debug.xcconfig"; path = "Target Support Files/Pods-serverForSocketCommunicationTests/Pods-serverForSocketCommunicationTests.debug.xcconfig"; sourceTree = "<group>"; };
		02C1A5259AB499632916775F /* Pods-serverForSocketCommunication-serverForSocketCommunicationUITests.debug.xcconfig */ = {isa = PBXFileReference; includeInIndex = 1; lastKnownFileType = text.xcconfig; name = "Pods-serverForSocketCommunication-serverForSocketCommunicationUITests.debug.xcconfig"; path = "Target Support Files/Pods-serverForSocketCommunication-serverForSocketCommunicationUITests/Pods-serverForSocketCommunication-serverForSocketCommunicationUITests.debug.xcconfig"; sourceTree = "<group>"; };
		02C2D68D528ACD8148F725C0 /* Pods-serverForSocketCommunication.release.xcconfig */ = {isa = PBXFileReference; includeInIndex = 1; lastKnownFileType = text.xcconfig; name = "Pods-serverForSocketCommunication.release.xcconfig"; path = "Target Support Files/Pods-serverForSocketCommunication/Pods-serverForSocketCommunication.release.xcconfig"; sourceTree = "<group>"; };
		2DDE90BAB03CC986DE5EEC91 /* Pods-serverForSocketCommunication-serverForSocketCommunicationUITests.release.xcconfig */ = {isa = PBXFileReference; includeInIndex = 1; lastKnownFileType = text.xcconfig; name = "Pods-serverForSocketCommunication-serverForSocketCommunicationUITests.release.xcconfig"; path = "Target Support Files/Pods-serverForSocketCommunication-serverForSocketCommunicationUITests/Pods-serverForSocketCommunication-serverForSocketCommunicationUITests.release.xcconfig"; sourceTree = "<group>"; };
		3633D22846724F3868054A19 /* Pods-serverForSocketCommunication.debug.xcconfig */ = {isa = PBXFileReference; includeInIndex = 1; lastKnownFileType = text.xcconfig; name = "Pods-serverForSocketCommunication.debug.xcconfig"; path = "Target Support Files/Pods-serverForSocketCommunication/Pods-serverForSocketCommunication.debug.xcconfig"; sourceTree = "<group>"; };
		60DCD693DFB69D9EDBBD5914 /* Pods_serverForSocketCommunication_serverForSocketCommunicationUITests.framework */ = {isa = PBXFileReference; explicitFileType = wrapper.framework; includeInIndex = 0; path = Pods_serverForSocketCommunication_serverForSocketCommunicationUITests.framework; sourceTree = BUILT_PRODUCTS_DIR; };
		75C9FC35E27C76636C7E0D02 /* Pods_serverForSocketCommunicationTests.framework */ = {isa = PBXFileReference; explicitFileType = wrapper.framework; includeInIndex = 0; path = Pods_serverForSocketCommunicationTests.framework; sourceTree = BUILT_PRODUCTS_DIR; };
		B66B3982256FA6F400B19305 /* TcpServer.h */ = {isa = PBXFileReference; lastKnownFileType = sourcecode.c.h; path = TcpServer.h; sourceTree = "<group>"; };
		B66B3983256FA6F400B19305 /* TcpServer.m */ = {isa = PBXFileReference; lastKnownFileType = sourcecode.c.objc; path = TcpServer.m; sourceTree = "<group>"; };
		B66B3991256FABFD00B19305 /* UdpServer.h */ = {isa = PBXFileReference; lastKnownFileType = sourcecode.c.h; path = UdpServer.h; sourceTree = "<group>"; };
		B66B3992256FABFD00B19305 /* UdpServer.m */ = {isa = PBXFileReference; lastKnownFileType = sourcecode.c.objc; path = UdpServer.m; sourceTree = "<group>"; };
		B6E7ACCA256E54C300667BFE /* serverForSocketCommunication.app */ = {isa = PBXFileReference; explicitFileType = wrapper.application; includeInIndex = 0; path = serverForSocketCommunication.app; sourceTree = BUILT_PRODUCTS_DIR; };
		B6E7ACCD256E54C300667BFE /* AppDelegate.h */ = {isa = PBXFileReference; lastKnownFileType = sourcecode.c.h; path = AppDelegate.h; sourceTree = "<group>"; };
		B6E7ACCE256E54C300667BFE /* AppDelegate.m */ = {isa = PBXFileReference; lastKnownFileType = sourcecode.c.objc; path = AppDelegate.m; sourceTree = "<group>"; };
		B6E7ACD3256E54C500667BFE /* Assets.xcassets */ = {isa = PBXFileReference; lastKnownFileType = folder.assetcatalog; path = Assets.xcassets; sourceTree = "<group>"; };
		B6E7ACD8256E54C500667BFE /* Info.plist */ = {isa = PBXFileReference; lastKnownFileType = text.plist.xml; path = Info.plist; sourceTree = "<group>"; };
		B6E7ACD9256E54C500667BFE /* main.m */ = {isa = PBXFileReference; lastKnownFileType = sourcecode.c.objc; path = main.m; sourceTree = "<group>"; };
		B6E7ACDB256E54C500667BFE /* serverForSocketCommunication.entitlements */ = {isa = PBXFileReference; lastKnownFileType = text.plist.entitlements; path = serverForSocketCommunication.entitlements; sourceTree = "<group>"; };
		B6E7ACE0256E54C500667BFE /* serverForSocketCommunicationTests.xctest */ = {isa = PBXFileReference; explicitFileType = wrapper.cfbundle; includeInIndex = 0; path = serverForSocketCommunicationTests.xctest; sourceTree = BUILT_PRODUCTS_DIR; };
		B6E7ACE4256E54C500667BFE /* serverForSocketCommunicationTests.m */ = {isa = PBXFileReference; lastKnownFileType = sourcecode.c.objc; path = serverForSocketCommunicationTests.m; sourceTree = "<group>"; };
		B6E7ACE6256E54C500667BFE /* Info.plist */ = {isa = PBXFileReference; lastKnownFileType = text.plist.xml; path = Info.plist; sourceTree = "<group>"; };
		B6E7ACEB256E54C500667BFE /* serverForSocketCommunicationUITests.xctest */ = {isa = PBXFileReference; explicitFileType = wrapper.cfbundle; includeInIndex = 0; path = serverForSocketCommunicationUITests.xctest; sourceTree = BUILT_PRODUCTS_DIR; };
		B6E7ACEF256E54C500667BFE /* serverForSocketCommunicationUITests.m */ = {isa = PBXFileReference; lastKnownFileType = sourcecode.c.objc; path = serverForSocketCommunicationUITests.m; sourceTree = "<group>"; };
		B6E7ACF1256E54C500667BFE /* Info.plist */ = {isa = PBXFileReference; lastKnownFileType = text.plist.xml; path = Info.plist; sourceTree = "<group>"; };
		CEF8F419DC6623C075155DC7 /* Pods-serverForSocketCommunicationTests.release.xcconfig */ = {isa = PBXFileReference; includeInIndex = 1; lastKnownFileType = text.xcconfig; name = "Pods-serverForSocketCommunicationTests.release.xcconfig"; path = "Target Support Files/Pods-serverForSocketCommunicationTests/Pods-serverForSocketCommunicationTests.release.xcconfig"; sourceTree = "<group>"; };
		FB95E772572C1219BCC9C194 /* Pods_serverForSocketCommunication.framework */ = {isa = PBXFileReference; explicitFileType = wrapper.framework; includeInIndex = 0; path = Pods_serverForSocketCommunication.framework; sourceTree = BUILT_PRODUCTS_DIR; };
/* End PBXFileReference section */

/* Begin PBXFrameworksBuildPhase section */
		B6E7ACC7256E54C300667BFE /* Frameworks */ = {
			isa = PBXFrameworksBuildPhase;
			buildActionMask = 2147483647;
			files = (
				8176C8A513EF8EAFE6D42035 /* Pods_serverForSocketCommunication.framework in Frameworks */,
			);
			runOnlyForDeploymentPostprocessing = 0;
		};
		B6E7ACDD256E54C500667BFE /* Frameworks */ = {
			isa = PBXFrameworksBuildPhase;
			buildActionMask = 2147483647;
			files = (
				BE41ECEF4CAD12F2B3BB83AC /* Pods_serverForSocketCommunicationTests.framework in Frameworks */,
			);
			runOnlyForDeploymentPostprocessing = 0;
		};
		B6E7ACE8256E54C500667BFE /* Frameworks */ = {
			isa = PBXFrameworksBuildPhase;
			buildActionMask = 2147483647;
			files = (
				01B79EDF5DFBA79215F033CC /* Pods_serverForSocketCommunication_serverForSocketCommunicationUITests.framework in Frameworks */,
			);
			runOnlyForDeploymentPostprocessing = 0;
		};
/* End PBXFrameworksBuildPhase section */

/* Begin PBXGroup section */
		0E48C278B32965FC265F31EC /* Frameworks */ = {
			isa = PBXGroup;
			children = (
				FB95E772572C1219BCC9C194 /* Pods_serverForSocketCommunication.framework */,
				60DCD693DFB69D9EDBBD5914 /* Pods_serverForSocketCommunication_serverForSocketCommunicationUITests.framework */,
				75C9FC35E27C76636C7E0D02 /* Pods_serverForSocketCommunicationTests.framework */,
			);
			name = Frameworks;
			sourceTree = "<group>";
		};
		B6E7ACC1256E54C300667BFE = {
			isa = PBXGroup;
			children = (
				B6E7ACCC256E54C300667BFE /* serverForSocketCommunication */,
				B6E7ACE3256E54C500667BFE /* serverForSocketCommunicationTests */,
				B6E7ACEE256E54C500667BFE /* serverForSocketCommunicationUITests */,
				B6E7ACCB256E54C300667BFE /* Products */,
				F9E4382A46CE2AF310BF9F54 /* Pods */,
				0E48C278B32965FC265F31EC /* Frameworks */,
			);
			sourceTree = "<group>";
		};
		B6E7ACCB256E54C300667BFE /* Products */ = {
			isa = PBXGroup;
			children = (
				B6E7ACCA256E54C300667BFE /* serverForSocketCommunication.app */,
				B6E7ACE0256E54C500667BFE /* serverForSocketCommunicationTests.xctest */,
				B6E7ACEB256E54C500667BFE /* serverForSocketCommunicationUITests.xctest */,
			);
			name = Products;
			sourceTree = "<group>";
		};
		B6E7ACCC256E54C300667BFE /* serverForSocketCommunication */ = {
			isa = PBXGroup;
			children = (
				B6E7ACCD256E54C300667BFE /* AppDelegate.h */,
				B6E7ACCE256E54C300667BFE /* AppDelegate.m */,
				B66B3982256FA6F400B19305 /* TcpServer.h */,
				B66B3983256FA6F400B19305 /* TcpServer.m */,
				B66B3991256FABFD00B19305 /* UdpServer.h */,
				B66B3992256FABFD00B19305 /* UdpServer.m */,
				B6E7ACD3256E54C500667BFE /* Assets.xcassets */,
				B6E7ACD8256E54C500667BFE /* Info.plist */,
				B6E7ACD9256E54C500667BFE /* main.m */,
				B6E7ACDB256E54C500667BFE /* serverForSocketCommunication.entitlements */,
			);
			path = serverForSocketCommunication;
			sourceTree = "<group>";
		};
		B6E7ACE3256E54C500667BFE /* serverForSocketCommunicationTests */ = {
			isa = PBXGroup;
			children = (
				B6E7ACE4256E54C500667BFE /* serverForSocketCommunicationTests.m */,
				B6E7ACE6256E54C500667BFE /* Info.plist */,
			);
			path = serverForSocketCommunicationTests;
			sourceTree = "<group>";
		};
		B6E7ACEE256E54C500667BFE /* serverForSocketCommunicationUITests */ = {
			isa = PBXGroup;
			children = (
				B6E7ACEF256E54C500667BFE /* serverForSocketCommunicationUITests.m */,
				B6E7ACF1256E54C500667BFE /* Info.plist */,
			);
			path = serverForSocketCommunicationUITests;
			sourceTree = "<group>";
		};
		F9E4382A46CE2AF310BF9F54 /* Pods */ = {
			isa = PBXGroup;
			children = (
				3633D22846724F3868054A19 /* Pods-serverForSocketCommunication.debug.xcconfig */,
				02C2D68D528ACD8148F725C0 /* Pods-serverForSocketCommunication.release.xcconfig */,
				02C1A5259AB499632916775F /* Pods-serverForSocketCommunication-serverForSocketCommunicationUITests.debug.xcconfig */,
				2DDE90BAB03CC986DE5EEC91 /* Pods-serverForSocketCommunication-serverForSocketCommunicationUITests.release.xcconfig */,
				00C6605B2315DF7F8A6E25F9 /* Pods-serverForSocketCommunicationTests.debug.xcconfig */,
				CEF8F419DC6623C075155DC7 /* Pods-serverForSocketCommunicationTests.release.xcconfig */,
			);
			path = Pods;
			sourceTree = "<group>";
		};
/* End PBXGroup section */

/* Begin PBXNativeTarget section */
		B6E7ACC9256E54C300667BFE /* serverForSocketCommunication */ = {
			isa = PBXNativeTarget;
			buildConfigurationList = B6E7ACF4256E54C500667BFE /* Build configuration list for PBXNativeTarget "serverForSocketCommunication" */;
			buildPhases = (
				2260E628617BB206B81F39C8 /* [CP] Check Pods Manifest.lock */,
				B6E7ACC6256E54C300667BFE /* Sources */,
				B6E7ACC7256E54C300667BFE /* Frameworks */,
				B6E7ACC8256E54C300667BFE /* Resources */,
				8FC9F8E5D38535D9F80FAA5B /* [CP] Embed Pods Frameworks */,
			);
			buildRules = (
			);
			dependencies = (
			);
			name = serverForSocketCommunication;
			productName = serverForSocketCommunication;
			productReference = B6E7ACCA256E54C300667BFE /* serverForSocketCommunication.app */;
			productType = "com.apple.product-type.application";
		};
		B6E7ACDF256E54C500667BFE /* serverForSocketCommunicationTests */ = {
			isa = PBXNativeTarget;
			buildConfigurationList = B6E7ACF7256E54C500667BFE /* Build configuration list for PBXNativeTarget "serverForSocketCommunicationTests" */;
			buildPhases = (
				9DD7860B46C98B4F75659993 /* [CP] Check Pods Manifest.lock */,
				B6E7ACDC256E54C500667BFE /* Sources */,
				B6E7ACDD256E54C500667BFE /* Frameworks */,
				B6E7ACDE256E54C500667BFE /* Resources */,
			);
			buildRules = (
			);
			dependencies = (
				B6E7ACE2256E54C500667BFE /* PBXTargetDependency */,
			);
			name = serverForSocketCommunicationTests;
			productName = serverForSocketCommunicationTests;
			productReference = B6E7ACE0256E54C500667BFE /* serverForSocketCommunicationTests.xctest */;
			productType = "com.apple.product-type.bundle.unit-test";
		};
		B6E7ACEA256E54C500667BFE /* serverForSocketCommunicationUITests */ = {
			isa = PBXNativeTarget;
			buildConfigurationList = B6E7ACFA256E54C500667BFE /* Build configuration list for PBXNativeTarget "serverForSocketCommunicationUITests" */;
			buildPhases = (
				EBC553DA822B21648C46B895 /* [CP] Check Pods Manifest.lock */,
				B6E7ACE7256E54C500667BFE /* Sources */,
				B6E7ACE8256E54C500667BFE /* Frameworks */,
				B6E7ACE9256E54C500667BFE /* Resources */,
				192028B010D2623ADD3FC554 /* [CP] Embed Pods Frameworks */,
			);
			buildRules = (
			);
			dependencies = (
				B6E7ACED256E54C500667BFE /* PBXTargetDependency */,
			);
			name = serverForSocketCommunicationUITests;
			productName = serverForSocketCommunicationUITests;
			productReference = B6E7ACEB256E54C500667BFE /* serverForSocketCommunicationUITests.xctest */;
			productType = "com.apple.product-type.bundle.ui-testing";
		};
/* End PBXNativeTarget section */

/* Begin PBXProject section */
		B6E7ACC2256E54C300667BFE /* Project object */ = {
			isa = PBXProject;
			attributes = {
				LastUpgradeCheck = 1200;
				TargetAttributes = {
					B6E7ACC9256E54C300667BFE = {
						CreatedOnToolsVersion = 12.0.1;
					};
					B6E7ACDF256E54C500667BFE = {
						CreatedOnToolsVersion = 12.0.1;
						TestTargetID = B6E7ACC9256E54C300667BFE;
					};
					B6E7ACEA256E54C500667BFE = {
						CreatedOnToolsVersion = 12.0.1;
						TestTargetID = B6E7ACC9256E54C300667BFE;
					};
				};
			};
			buildConfigurationList = B6E7ACC5256E54C300667BFE /* Build configuration list for PBXProject "serverForSocketCommunication" */;
			compatibilityVersion = "Xcode 9.3";
			developmentRegion = en;
			hasScannedForEncodings = 0;
			knownRegions = (
				en,
				Base,
			);
			mainGroup = B6E7ACC1256E54C300667BFE;
			productRefGroup = B6E7ACCB256E54C300667BFE /* Products */;
			projectDirPath = "";
			projectRoot = "";
			targets = (
				B6E7ACC9256E54C300667BFE /* serverForSocketCommunication */,
				B6E7ACDF256E54C500667BFE /* serverForSocketCommunicationTests */,
				B6E7ACEA256E54C500667BFE /* serverForSocketCommunicationUITests */,
			);
		};
/* End PBXProject section */

/* Begin PBXResourcesBuildPhase section */
		B6E7ACC8256E54C300667BFE /* Resources */ = {
			isa = PBXResourcesBuildPhase;
			buildActionMask = 2147483647;
			files = (
				B6E7ACD4256E54C500667BFE /* Assets.xcassets in Resources */,
			);
			runOnlyForDeploymentPostprocessing = 0;
		};
		B6E7ACDE256E54C500667BFE /* Resources */ = {
			isa = PBXResourcesBuildPhase;
			buildActionMask = 2147483647;
			files = (
			);
			runOnlyForDeploymentPostprocessing = 0;
		};
		B6E7ACE9256E54C500667BFE /* Resources */ = {
			isa = PBXResourcesBuildPhase;
			buildActionMask = 2147483647;
			files = (
			);
			runOnlyForDeploymentPostprocessing = 0;
		};
/* End PBXResourcesBuildPhase section */

/* Begin PBXShellScriptBuildPhase section */
		192028B010D2623ADD3FC554 /* [CP] Embed Pods Frameworks */ = {
			isa = PBXShellScriptBuildPhase;
			buildActionMask = 2147483647;
			files = (
			);
			inputFileListPaths = (
				"${PODS_ROOT}/Target Support Files/Pods-serverForSocketCommunication-serverForSocketCommunicationUITests/Pods-serverForSocketCommunication-serverForSocketCommunicationUITests-frameworks-${CONFIGURATION}-input-files.xcfilelist",
			);
			name = "[CP] Embed Pods Frameworks";
			outputFileListPaths = (
				"${PODS_ROOT}/Target Support Files/Pods-serverForSocketCommunication-serverForSocketCommunicationUITests/Pods-serverForSocketCommunication-serverForSocketCommunicationUITests-frameworks-${CONFIGURATION}-output-files.xcfilelist",
			);
			runOnlyForDeploymentPostprocessing = 0;
			shellPath = /bin/sh;
			shellScript = "\"${PODS_ROOT}/Target Support Files/Pods-serverForSocketCommunication-serverForSocketCommunicationUITests/Pods-serverForSocketCommunication-serverForSocketCommunicationUITests-frameworks.sh\"\n";
			showEnvVarsInLog = 0;
		};
		2260E628617BB206B81F39C8 /* [CP] Check Pods Manifest.lock */ = {
			isa = PBXShellScriptBuildPhase;
			buildActionMask = 2147483647;
			files = (
			);
			inputFileListPaths = (
			);
			inputPaths = (
				"${PODS_PODFILE_DIR_PATH}/Podfile.lock",
				"${PODS_ROOT}/Manifest.lock",
			);
			name = "[CP] Check Pods Manifest.lock";
			outputFileListPaths = (
			);
			outputPaths = (
				"$(DERIVED_FILE_DIR)/Pods-serverForSocketCommunication-checkManifestLockResult.txt",
			);
			runOnlyForDeploymentPostprocessing = 0;
			shellPath = /bin/sh;
			shellScript = "diff \"${PODS_PODFILE_DIR_PATH}/Podfile.lock\" \"${PODS_ROOT}/Manifest.lock\" > /dev/null\nif [ $? != 0 ] ; then\n    # print error to STDERR\n    echo \"error: The sandbox is not in sync with the Podfile.lock. Run 'pod install' or update your CocoaPods installation.\" >&2\n    exit 1\nfi\n# This output is used by Xcode 'outputs' to avoid re-running this script phase.\necho \"SUCCESS\" > \"${SCRIPT_OUTPUT_FILE_0}\"\n";
			showEnvVarsInLog = 0;
		};
		8FC9F8E5D38535D9F80FAA5B /* [CP] Embed Pods Frameworks */ = {
			isa = PBXShellScriptBuildPhase;
			buildActionMask = 2147483647;
			files = (
			);
			inputFileListPaths = (
				"${PODS_ROOT}/Target Support Files/Pods-serverForSocketCommunication/Pods-serverForSocketCommunication-frameworks-${CONFIGURATION}-input-files.xcfilelist",
			);
			name = "[CP] Embed Pods Frameworks";
			outputFileListPaths = (
				"${PODS_ROOT}/Target Support Files/Pods-serverForSocketCommunication/Pods-serverForSocketCommunication-frameworks-${CONFIGURATION}-output-files.xcfilelist",
			);
			runOnlyForDeploymentPostprocessing = 0;
			shellPath = /bin/sh;
			shellScript = "\"${PODS_ROOT}/Target Support Files/Pods-serverForSocketCommunication/Pods-serverForSocketCommunication-frameworks.sh\"\n";
			showEnvVarsInLog = 0;
		};
		9DD7860B46C98B4F75659993 /* [CP] Check Pods Manifest.lock */ = {
			isa = PBXShellScriptBuildPhase;
			buildActionMask = 2147483647;
			files = (
			);
			inputFileListPaths = (
			);
			inputPaths = (
				"${PODS_PODFILE_DIR_PATH}/Podfile.lock",
				"${PODS_ROOT}/Manifest.lock",
			);
			name = "[CP] Check Pods Manifest.lock";
			outputFileListPaths = (
			);
			outputPaths = (
				"$(DERIVED_FILE_DIR)/Pods-serverForSocketCommunicationTests-checkManifestLockResult.txt",
			);
			runOnlyForDeploymentPostprocessing = 0;
			shellPath = /bin/sh;
			shellScript = "diff \"${PODS_PODFILE_DIR_PATH}/Podfile.lock\" \"${PODS_ROOT}/Manifest.lock\" > /dev/null\nif [ $? != 0 ] ; then\n    # print error to STDERR\n    echo \"error: The sandbox is not in sync with the Podfile.lock. Run 'pod install' or update your CocoaPods installation.\" >&2\n    exit 1\nfi\n# This output is used by Xcode 'outputs' to avoid re-running this script phase.\necho \"SUCCESS\" > \"${SCRIPT_OUTPUT_FILE_0}\"\n";
			showEnvVarsInLog = 0;
		};
		EBC553DA822B21648C46B895 /* [CP] Check Pods Manifest.lock */ = {
			isa = PBXShellScriptBuildPhase;
			buildActionMask = 2147483647;
			files = (
			);
			inputFileListPaths = (
			);
			inputPaths = (
				"${PODS_PODFILE_DIR_PATH}/Podfile.lock",
				"${PODS_ROOT}/Manifest.lock",
			);
			name = "[CP] Check Pods Manifest.lock";
			outputFileListPaths = (
			);
			outputPaths = (
				"$(DERIVED_FILE_DIR)/Pods-serverForSocketCommunication-serverForSocketCommunicationUITests-checkManifestLockResult.txt",
			);
			runOnlyForDeploymentPostprocessing = 0;
			shellPath = /bin/sh;
			shellScript = "diff \"${PODS_PODFILE_DIR_PATH}/Podfile.lock\" \"${PODS_ROOT}/Manifest.lock\" > /dev/null\nif [ $? != 0 ] ; then\n    # print error to STDERR\n    echo \"error: The sandbox is not in sync with the Podfile.lock. Run 'pod install' or update your CocoaPods installation.\" >&2\n    exit 1\nfi\n# This output is used by Xcode 'outputs' to avoid re-running this script phase.\necho \"SUCCESS\" > \"${SCRIPT_OUTPUT_FILE_0}\"\n";
			showEnvVarsInLog = 0;
		};
/* End PBXShellScriptBuildPhase section */

/* Begin PBXSourcesBuildPhase section */
		B6E7ACC6256E54C300667BFE /* Sources */ = {
			isa = PBXSourcesBuildPhase;
			buildActionMask = 2147483647;
			files = (
				B66B3984256FA6F400B19305 /* TcpServer.m in Sources */,
				B6E7ACDA256E54C500667BFE /* main.m in Sources */,
				B66B3993256FABFD00B19305 /* UdpServer.m in Sources */,
				B6E7ACCF256E54C300667BFE /* AppDelegate.m in Sources */,
			);
			runOnlyForDeploymentPostprocessing = 0;
		};
		B6E7ACDC256E54C500667BFE /* Sources */ = {
			isa = PBXSourcesBuildPhase;
			buildActionMask = 2147483647;
			files = (
				B6E7ACE5256E54C500667BFE /* serverForSocketCommunicationTests.m in Sources */,
			);
			runOnlyForDeploymentPostprocessing = 0;
		};
		B6E7ACE7256E54C500667BFE /* Sources */ = {
			isa = PBXSourcesBuildPhase;
			buildActionMask = 2147483647;
			files = (
				B6E7ACF0256E54C500667BFE /* serverForSocketCommunicationUITests.m in Sources */,
			);
			runOnlyForDeploymentPostprocessing = 0;
		};
/* End PBXSourcesBuildPhase section */

/* Begin PBXTargetDependency section */
		B6E7ACE2256E54C500667BFE /* PBXTargetDependency */ = {
			isa = PBXTargetDependency;
			target = B6E7ACC9256E54C300667BFE /* serverForSocketCommunication */;
			targetProxy = B6E7ACE1256E54C500667BFE /* PBXContainerItemProxy */;
		};
		B6E7ACED256E54C500667BFE /* PBXTargetDependency */ = {
			isa = PBXTargetDependency;
			target = B6E7ACC9256E54C300667BFE /* serverForSocketCommunication */;
			targetProxy = B6E7ACEC256E54C500667BFE /* PBXContainerItemProxy */;
		};
/* End PBXTargetDependency section */

/* Begin XCBuildConfiguration section */
		B6E7ACF2256E54C500667BFE /* Debug */ = {
			isa = XCBuildConfiguration;
			buildSettings = {
				ALWAYS_SEARCH_USER_PATHS = NO;
				CLANG_ANALYZER_NONNULL = YES;
				CLANG_ANALYZER_NUMBER_OBJECT_CONVERSION = YES_AGGRESSIVE;
				CLANG_CXX_LANGUAGE_STANDARD = "gnu++14";
				CLANG_CXX_LIBRARY = "libc++";
				CLANG_ENABLE_MODULES = YES;
				CLANG_ENABLE_OBJC_ARC = YES;
				CLANG_ENABLE_OBJC_WEAK = YES;
				CLANG_WARN_BLOCK_CAPTURE_AUTORELEASING = YES;
				CLANG_WARN_BOOL_CONVERSION = YES;
				CLANG_WARN_COMMA = YES;
				CLANG_WARN_CONSTANT_CONVERSION = YES;
				CLANG_WARN_DEPRECATED_OBJC_IMPLEMENTATIONS = YES;
				CLANG_WARN_DIRECT_OBJC_ISA_USAGE = YES_ERROR;
				CLANG_WARN_DOCUMENTATION_COMMENTS = YES;
				CLANG_WARN_EMPTY_BODY = YES;
				CLANG_WARN_ENUM_CONVERSION = YES;
				CLANG_WARN_INFINITE_RECURSION = YES;
				CLANG_WARN_INT_CONVERSION = YES;
				CLANG_WARN_NON_LITERAL_NULL_CONVERSION = YES;
				CLANG_WARN_OBJC_IMPLICIT_RETAIN_SELF = YES;
				CLANG_WARN_OBJC_LITERAL_CONVERSION = YES;
				CLANG_WARN_OBJC_ROOT_CLASS = YES_ERROR;
				CLANG_WARN_QUOTED_INCLUDE_IN_FRAMEWORK_HEADER = YES;
				CLANG_WARN_RANGE_LOOP_ANALYSIS = YES;
				CLANG_WARN_STRICT_PROTOTYPES = YES;
				CLANG_WARN_SUSPICIOUS_MOVE = YES;
				CLANG_WARN_UNGUARDED_AVAILABILITY = YES_AGGRESSIVE;
				CLANG_WARN_UNREACHABLE_CODE = YES;
				CLANG_WARN__DUPLICATE_METHOD_MATCH = YES;
				COPY_PHASE_STRIP = NO;
				DEBUG_INFORMATION_FORMAT = dwarf;
				ENABLE_STRICT_OBJC_MSGSEND = YES;
				ENABLE_TESTABILITY = YES;
				GCC_C_LANGUAGE_STANDARD = gnu11;
				GCC_DYNAMIC_NO_PIC = NO;
				GCC_NO_COMMON_BLOCKS = YES;
				GCC_OPTIMIZATION_LEVEL = 0;
				GCC_PREPROCESSOR_DEFINITIONS = (
					"DEBUG=1",
					"$(inherited)",
				);
				GCC_WARN_64_TO_32_BIT_CONVERSION = YES;
				GCC_WARN_ABOUT_RETURN_TYPE = YES_ERROR;
				GCC_WARN_UNDECLARED_SELECTOR = YES;
				GCC_WARN_UNINITIALIZED_AUTOS = YES_AGGRESSIVE;
				GCC_WARN_UNUSED_FUNCTION = YES;
				GCC_WARN_UNUSED_VARIABLE = YES;
				MACOSX_DEPLOYMENT_TARGET = 10.15;
				MTL_ENABLE_DEBUG_INFO = INCLUDE_SOURCE;
				MTL_FAST_MATH = YES;
				ONLY_ACTIVE_ARCH = YES;
				SDKROOT = macosx;
			};
			name = Debug;
		};
		B6E7ACF3256E54C500667BFE /* Release */ = {
			isa = XCBuildConfiguration;
			buildSettings = {
				ALWAYS_SEARCH_USER_PATHS = NO;
				CLANG_ANALYZER_NONNULL = YES;
				CLANG_ANALYZER_NUMBER_OBJECT_CONVERSION = YES_AGGRESSIVE;
				CLANG_CXX_LANGUAGE_STANDARD = "gnu++14";
				CLANG_CXX_LIBRARY = "libc++";
				CLANG_ENABLE_MODULES = YES;
				CLANG_ENABLE_OBJC_ARC = YES;
				CLANG_ENABLE_OBJC_WEAK = YES;
				CLANG_WARN_BLOCK_CAPTURE_AUTORELEASING = YES;
				CLANG_WARN_BOOL_CONVERSION = YES;
				CLANG_WARN_COMMA = YES;
				CLANG_WARN_CONSTANT_CONVERSION = YES;
				CLANG_WARN_DEPRECATED_OBJC_IMPLEMENTATIONS = YES;
				CLANG_WARN_DIRECT_OBJC_ISA_USAGE = YES_ERROR;
				CLANG_WARN_DOCUMENTATION_COMMENTS = YES;
				CLANG_WARN_EMPTY_BODY = YES;
				CLANG_WARN_ENUM_CONVERSION = YES;
				CLANG_WARN_INFINITE_RECURSION = YES;
				CLANG_WARN_INT_CONVERSION = YES;
				CLANG_WARN_NON_LITERAL_NULL_CONVERSION = YES;
				CLANG_WARN_OBJC_IMPLICIT_RETAIN_SELF = YES;
				CLANG_WARN_OBJC_LITERAL_CONVERSION = YES;
				CLANG_WARN_OBJC_ROOT_CLASS = YES_ERROR;
				CLANG_WARN_QUOTED_INCLUDE_IN_FRAMEWORK_HEADER = YES;
				CLANG_WARN_RANGE_LOOP_ANALYSIS = YES;
				CLANG_WARN_STRICT_PROTOTYPES = YES;
				CLANG_WARN_SUSPICIOUS_MOVE = YES;
				CLANG_WARN_UNGUARDED_AVAILABILITY = YES_AGGRESSIVE;
				CLANG_WARN_UNREACHABLE_CODE = YES;
				CLANG_WARN__DUPLICATE_METHOD_MATCH = YES;
				COPY_PHASE_STRIP = NO;
				DEBUG_INFORMATION_FORMAT = "dwarf-with-dsym";
				ENABLE_NS_ASSERTIONS = NO;
				ENABLE_STRICT_OBJC_MSGSEND = YES;
				GCC_C_LANGUAGE_STANDARD = gnu11;
				GCC_NO_COMMON_BLOCKS = YES;
				GCC_WARN_64_TO_32_BIT_CONVERSION = YES;
				GCC_WARN_ABOUT_RETURN_TYPE = YES_ERROR;
				GCC_WARN_UNDECLARED_SELECTOR = YES;
				GCC_WARN_UNINITIALIZED_AUTOS = YES_AGGRESSIVE;
				GCC_WARN_UNUSED_FUNCTION = YES;
				GCC_WARN_UNUSED_VARIABLE = YES;
				MACOSX_DEPLOYMENT_TARGET = 10.15;
				MTL_ENABLE_DEBUG_INFO = NO;
				MTL_FAST_MATH = YES;
				SDKROOT = macosx;
			};
			name = Release;
		};
		B6E7ACF5256E54C500667BFE /* Debug */ = {
			isa = XCBuildConfiguration;
			baseConfigurationReference = 3633D22846724F3868054A19 /* Pods-serverForSocketCommunication.debug.xcconfig */;
			buildSettings = {
				ASSETCATALOG_COMPILER_APPICON_NAME = AppIcon;
				ASSETCATALOG_COMPILER_GLOBAL_ACCENT_COLOR_NAME = AccentColor;
				CODE_SIGN_ENTITLEMENTS = serverForSocketCommunication/serverForSocketCommunication.entitlements;
				CODE_SIGN_STYLE = Automatic;
				COMBINE_HIDPI_IMAGES = YES;
				DEVELOPMENT_TEAM = NC2M6D7A5Q;
				ENABLE_HARDENED_RUNTIME = YES;
				INFOPLIST_FILE = serverForSocketCommunication/Info.plist;
				LD_RUNPATH_SEARCH_PATHS = (
					"$(inherited)",
					"@executable_path/../Frameworks",
				);
				PRODUCT_BUNDLE_IDENTIFIER = com.greatyun.serverForSocketCommunication;
				PRODUCT_NAME = "$(TARGET_NAME)";
			};
			name = Debug;
		};
		B6E7ACF6256E54C500667BFE /* Release */ = {
			isa = XCBuildConfiguration;
			baseConfigurationReference = 02C2D68D528ACD8148F725C0 /* Pods-serverForSocketCommunication.release.xcconfig */;
			buildSettings = {
				ASSETCATALOG_COMPILER_APPICON_NAME = AppIcon;
				ASSETCATALOG_COMPILER_GLOBAL_ACCENT_COLOR_NAME = AccentColor;
				CODE_SIGN_ENTITLEMENTS = serverForSocketCommunication/serverForSocketCommunication.entitlements;
				CODE_SIGN_STYLE = Automatic;
				COMBINE_HIDPI_IMAGES = YES;
				DEVELOPMENT_TEAM = NC2M6D7A5Q;
				ENABLE_HARDENED_RUNTIME = YES;
				INFOPLIST_FILE = serverForSocketCommunication/Info.plist;
				LD_RUNPATH_SEARCH_PATHS = (
					"$(inherited)",
					"@executable_path/../Frameworks",
				);
				PRODUCT_BUNDLE_IDENTIFIER = com.greatyun.serverForSocketCommunication;
				PRODUCT_NAME = "$(TARGET_NAME)";
			};
			name = Release;
		};
		B6E7ACF8256E54C500667BFE /* Debug */ = {
			isa = XCBuildConfiguration;
			baseConfigurationReference = 00C6605B2315DF7F8A6E25F9 /* Pods-serverForSocketCommunicationTests.debug.xcconfig */;
			buildSettings = {
				BUNDLE_LOADER = "$(TEST_HOST)";
				CODE_SIGN_STYLE = Automatic;
				COMBINE_HIDPI_IMAGES = YES;
				DEVELOPMENT_TEAM = NC2M6D7A5Q;
				INFOPLIST_FILE = serverForSocketCommunicationTests/Info.plist;
				LD_RUNPATH_SEARCH_PATHS = (
					"$(inherited)",
					"@executable_path/../Frameworks",
					"@loader_path/../Frameworks",
				);
				MACOSX_DEPLOYMENT_TARGET = 10.15;
				PRODUCT_BUNDLE_IDENTIFIER = com.greatyun.serverForSocketCommunicationTests;
				PRODUCT_NAME = "$(TARGET_NAME)";
				TEST_HOST = "$(BUILT_PRODUCTS_DIR)/serverForSocketCommunication.app/Contents/MacOS/serverForSocketCommunication";
			};
			name = Debug;
		};
		B6E7ACF9256E54C500667BFE /* Release */ = {
			isa = XCBuildConfiguration;
			baseConfigurationReference = CEF8F419DC6623C075155DC7 /* Pods-serverForSocketCommunicationTests.release.xcconfig */;
			buildSettings = {
				BUNDLE_LOADER = "$(TEST_HOST)";
				CODE_SIGN_STYLE = Automatic;
				COMBINE_HIDPI_IMAGES = YES;
				DEVELOPMENT_TEAM = NC2M6D7A5Q;
				INFOPLIST_FILE = serverForSocketCommunicationTests/Info.plist;
				LD_RUNPATH_SEARCH_PATHS = (
					"$(inherited)",
					"@executable_path/../Frameworks",
					"@loader_path/../Frameworks",
				);
				MACOSX_DEPLOYMENT_TARGET = 10.15;
				PRODUCT_BUNDLE_IDENTIFIER = com.greatyun.serverForSocketCommunicationTests;
				PRODUCT_NAME = "$(TARGET_NAME)";
				TEST_HOST = "$(BUILT_PRODUCTS_DIR)/serverForSocketCommunication.app/Contents/MacOS/serverForSocketCommunication";
			};
			name = Release;
		};
		B6E7ACFB256E54C500667BFE /* Debug */ = {
			isa = XCBuildConfiguration;
			baseConfigurationReference = 02C1A5259AB499632916775F /* Pods-serverForSocketCommunication-serverForSocketCommunicationUITests.debug.xcconfig */;
			buildSettings = {
				CODE_SIGN_STYLE = Automatic;
				COMBINE_HIDPI_IMAGES = YES;
				DEVELOPMENT_TEAM = NC2M6D7A5Q;
				INFOPLIST_FILE = serverForSocketCommunicationUITests/Info.plist;
				LD_RUNPATH_SEARCH_PATHS = (
					"$(inherited)",
					"@executable_path/../Frameworks",
					"@loader_path/../Frameworks",
				);
				PRODUCT_BUNDLE_IDENTIFIER = com.greatyun.serverForSocketCommunicationUITests;
				PRODUCT_NAME = "$(TARGET_NAME)";
				TEST_TARGET_NAME = serverForSocketCommunication;
			};
			name = Debug;
		};
		B6E7ACFC256E54C500667BFE /* Release */ = {
			isa = XCBuildConfiguration;
			baseConfigurationReference = 2DDE90BAB03CC986DE5EEC91 /* Pods-serverForSocketCommunication-serverForSocketCommunicationUITests.release.xcconfig */;
			buildSettings = {
				CODE_SIGN_STYLE = Automatic;
				COMBINE_HIDPI_IMAGES = YES;
				DEVELOPMENT_TEAM = NC2M6D7A5Q;
				INFOPLIST_FILE = serverForSocketCommunicationUITests/Info.plist;
				LD_RUNPATH_SEARCH_PATHS = (
					"$(inherited)",
					"@executable_path/../Frameworks",
					"@loader_path/../Frameworks",
				);
				PRODUCT_BUNDLE_IDENTIFIER = com.greatyun.serverForSocketCommunicationUITests;
				PRODUCT_NAME = "$(TARGET_NAME)";
				TEST_TARGET_NAME = serverForSocketCommunication;
			};
			name = Release;
		};
/* End XCBuildConfiguration section */

/* Begin XCConfigurationList section */
		B6E7ACC5256E54C300667BFE /* Build configuration list for PBXProject "serverForSocketCommunication" */ = {
			isa = XCConfigurationList;
			buildConfigurations = (
				B6E7ACF2256E54C500667BFE /* Debug */,
				B6E7ACF3256E54C500667BFE /* Release */,
			);
			defaultConfigurationIsVisible = 0;
			defaultConfigurationName = Release;
		};
		B6E7ACF4256E54C500667BFE /* Build configuration list for PBXNativeTarget "serverForSocketCommunication" */ = {
			isa = XCConfigurationList;
			buildConfigurations = (
				B6E7ACF5256E54C500667BFE /* Debug */,
				B6E7ACF6256E54C500667BFE /* Release */,
			);
			defaultConfigurationIsVisible = 0;
			defaultConfigurationName = Release;
		};
		B6E7ACF7256E54C500667BFE /* Build configuration list for PBXNativeTarget "serverForSocketCommunicationTests" */ = {
			isa = XCConfigurationList;
			buildConfigurations = (
				B6E7ACF8256E54C500667BFE /* Debug */,
				B6E7ACF9256E54C500667BFE /* Release */,
			);
			defaultConfigurationIsVisible = 0;
			defaultConfigurationName = Release;
		};
		B6E7ACFA256E54C500667BFE /* Build configuration list for PBXNativeTarget "serverForSocketCommunicationUITests" */ = {
			isa = XCConfigurationList;
			buildConfigurations = (
				B6E7ACFB256E54C500667BFE /* Debug */,
				B6E7ACFC256E54C500667BFE /* Release */,
			);
			defaultConfigurationIsVisible = 0;
			defaultConfigurationName = Release;
		};
/* End XCConfigurationList section */
	};
	rootObject = B6E7ACC2256E54C300667BFE /* Project object */;
}
